// !$*UTF8*$!
{
	archiveVersion = 1;
	classes = {
	};
	objectVersion = 52;
	objects = {

/* Begin PBXBuildFile section */
		058557BB273AAA24004C7B11 /* Assets.xcassets in Resources */ = {isa = PBXBuildFile; fileRef = 058557BA273AAA24004C7B11 /* Assets.xcassets */; };
		058557D9273AAEEB004C7B11 /* Preview Assets.xcassets in Resources */ = {isa = PBXBuildFile; fileRef = 058557D8273AAEEB004C7B11 /* Preview Assets.xcassets */; };
		1C0981821623621F5399DA93 /* ServerCommunicationProviderImpl.swift in Sources */ = {isa = PBXBuildFile; fileRef = 1C0985C543D77816ADA5933C /* ServerCommunicationProviderImpl.swift */; };
		1C0981A88640D5D3E52A941A /* AccountServiceImpl.swift in Sources */ = {isa = PBXBuildFile; fileRef = 1C0988D01EAA04C4775B8923 /* AccountServiceImpl.swift */; };
		1C0981ABE77580FF17B8C4C1 /* NetworkResponse.swift in Sources */ = {isa = PBXBuildFile; fileRef = 1C0989F63763E9A7692C4DBE /* NetworkResponse.swift */; };
		1C0981D273DD7A6DF3D40CAE /* ServerCommunicationProvider.swift in Sources */ = {isa = PBXBuildFile; fileRef = 1C098F1706F0DCA286CF5754 /* ServerCommunicationProvider.swift */; };
		1C098230E8C6C7CD41AF6B29 /* LoginView.swift in Sources */ = {isa = PBXBuildFile; fileRef = 1C098402211D502EAE42393D /* LoginView.swift */; };
		1C098308D3760950BADD01BA /* HttpHeaders.swift in Sources */ = {isa = PBXBuildFile; fileRef = 1C0987B7B724003FC08E6665 /* HttpHeaders.swift */; };
		1C098360370AFEAE91EC3495 /* Account.swift in Sources */ = {isa = PBXBuildFile; fileRef = 1C098783D4E50EAB201EA1E0 /* Account.swift */; };
		1C098367EECE1F42EADECAE5 /* NetworkStatusProviderImpl.swift in Sources */ = {isa = PBXBuildFile; fileRef = 1C0987164AF272D3D5618C26 /* NetworkStatusProviderImpl.swift */; };
		1C0983C4F287A691E93D01F1 /* LoginViewController.swift in Sources */ = {isa = PBXBuildFile; fileRef = 1C098C077ADB678F568185B9 /* LoginViewController.swift */; };
		1C0983D49B52AC043FF36C3F /* datasizeutil.swift in Sources */ = {isa = PBXBuildFile; fileRef = 1C098B01894061710A23FB0F /* datasizeutil.swift */; };
		1C09842337C756759BA07179 /* AccountView.swift in Sources */ = {isa = PBXBuildFile; fileRef = 1C098A490B00EB0A8E14EB25 /* AccountView.swift */; };
		1C09848B8BCF245F9A76F4EA /* DashboardServiceImpl.swift in Sources */ = {isa = PBXBuildFile; fileRef = 1C098BE36C1A5738E35FD12A /* DashboardServiceImpl.swift */; };
		1C0984CE27FA7D3AAEF901C2 /* AppContainer.swift in Sources */ = {isa = PBXBuildFile; fileRef = 1C098FF0D296294BE7E6EA71 /* AppContainer.swift */; };
		1C09851A8238C343EF07793B /* DashboardService.swift in Sources */ = {isa = PBXBuildFile; fileRef = 1C0989DDFF1DA9772A3862E4 /* DashboardService.swift */; };
		1C09853AB260471BB4AC8594 /* Course.swift in Sources */ = {isa = PBXBuildFile; fileRef = 1C098542CFAA494BB3EF413A /* Course.swift */; };
		1C098557C72F2C209DE7CDC9 /* CourseRegistrationService.swift in Sources */ = {isa = PBXBuildFile; fileRef = 1C098586B51822E675303B0E /* CourseRegistrationService.swift */; };
		1C09857C424EF06EB07AAA65 /* ProfileInfo.swift in Sources */ = {isa = PBXBuildFile; fileRef = 1C09873399CAC9793A6DC8EE /* ProfileInfo.swift */; };
		1C0985B3CE7A5E66E0798691 /* NetworkStatusProvider.swift in Sources */ = {isa = PBXBuildFile; fileRef = 1C098B3EC06CCDD7482E6214 /* NetworkStatusProvider.swift */; };
		1C0986D542BBDED04A22C64E /* AccountViewController.swift in Sources */ = {isa = PBXBuildFile; fileRef = 1C0983700CAF9E8371CBF572 /* AccountViewController.swift */; };
		1C0987C868DF1D1E9C6D0CAC /* CourseRegistrationUi.swift in Sources */ = {isa = PBXBuildFile; fileRef = 1C098A0E14DFDA97AE02334E /* CourseRegistrationUi.swift */; };
		1C0987DEE262D2932163EE09 /* ObservedValue.swift in Sources */ = {isa = PBXBuildFile; fileRef = 1C098420AF2C5E3E3715BC06 /* ObservedValue.swift */; };
		1C0988187041042BBA80FC32 /* Saml2Config.swift in Sources */ = {isa = PBXBuildFile; fileRef = 1C09877094E9C0A4803D691D /* Saml2Config.swift */; };
		1C098828DDCBBCECF757872D /* fab.swift in Sources */ = {isa = PBXBuildFile; fileRef = 1C0980813BE156858016F214 /* fab.swift */; };
		1C0989531F87BBEBC27C669C /* CoursesOverviewView.swift in Sources */ = {isa = PBXBuildFile; fileRef = 1C098ADF152F67124A5F190C /* CoursesOverviewView.swift */; };
		1C0989A1EFB6D3CE33CECD27 /* AsyncSequenceToCombine.swift in Sources */ = {isa = PBXBuildFile; fileRef = 1C098A9DA1D0970B84C2BECD /* AsyncSequenceToCombine.swift */; };
		1C098A4CB53F1A557E21C9AD /* CourseRegistrationViewController.swift in Sources */ = {isa = PBXBuildFile; fileRef = 1C09841E56980818F78990CA /* CourseRegistrationViewController.swift */; };
		1C098A905080872B673330FC /* theming.swift in Sources */ = {isa = PBXBuildFile; fileRef = 1C0986D9D9E11B706FF4C7F8 /* theming.swift */; };
		1C098C823B0ED6C8DDA449C2 /* Dashboard.swift in Sources */ = {isa = PBXBuildFile; fileRef = 1C098ADFDCCE7E60744694F8 /* Dashboard.swift */; };
		1C098D003D4BA926E1B2BD32 /* CoursesOverviewViewModel.swift in Sources */ = {isa = PBXBuildFile; fileRef = 1C098A1D279F2DE664C4C4FB /* CoursesOverviewViewModel.swift */; };
		1C098D2A4D7898F37E732681 /* JsonProvider.swift in Sources */ = {isa = PBXBuildFile; fileRef = 1C0982F1FCAF373DD7648987 /* JsonProvider.swift */; };
		1C098D65337401C654D0F56D /* DataState.swift in Sources */ = {isa = PBXBuildFile; fileRef = 1C0986A12977F0E8A60950B5 /* DataState.swift */; };
		1C098DBB8193E6D9943263D4 /* httpclientutil.swift in Sources */ = {isa = PBXBuildFile; fileRef = 1C0980017AE0C68D19D4D969 /* httpclientutil.swift */; };
		1C098E05516193D855C4FA51 /* AccountService.swift in Sources */ = {isa = PBXBuildFile; fileRef = 1C098AFF95AB352EF5A47A4C /* AccountService.swift */; };
		1C098E2C838D72B7FE13C1F0 /* CourseRegistrationServiceImpl.swift in Sources */ = {isa = PBXBuildFile; fileRef = 1C0985F681D1B8D8ADB5CB62 /* CourseRegistrationServiceImpl.swift */; };
		1C098E7E07E84FE6DD38AA3A /* courses.swift in Sources */ = {isa = PBXBuildFile; fileRef = 1C098319B96A24B40D10CC21 /* courses.swift */; };
		1C098FF7C17896FCEA2FC228 /* datastateui.swift in Sources */ = {isa = PBXBuildFile; fileRef = 1C098DC2127E649084ED7A33 /* datastateui.swift */; };
		2152FB042600AC8F00CF470E /* iOSApp.swift in Sources */ = {isa = PBXBuildFile; fileRef = 2152FB032600AC8F00CF470E /* iOSApp.swift */; };
		220409A728D4EF1A00204B1C /* RootView.swift in Sources */ = {isa = PBXBuildFile; fileRef = 220409A628D4EF1A00204B1C /* RootView.swift */; };
		225EDFFE2905AC2800C7FCA8 /* MarkdownUI in Frameworks */ = {isa = PBXBuildFile; productRef = 225EDFFD2905AC2800C7FCA8 /* MarkdownUI */; };
		226B088C28E30FBC00382C92 /* Factory in Frameworks */ = {isa = PBXBuildFile; productRef = 226B088B28E30FBC00382C92 /* Factory */; };
		227BD53E28E2570B00D11F92 /* AsyncHTTPClient in Frameworks */ = {isa = PBXBuildFile; productRef = 227BD53D28E2570B00D11F92 /* AsyncHTTPClient */; };
		22B12970290038D600C4910E /* Reachability in Frameworks */ = {isa = PBXBuildFile; productRef = 22B1296F290038D600C4910E /* Reachability */; };
		22B12972290048A800C4910E /* Localizable.strings in Resources */ = {isa = PBXBuildFile; fileRef = 22B12971290048A800C4910E /* Localizable.strings */; };
		22ECB44E28E79354000F5342 /* CombineExt in Frameworks */ = {isa = PBXBuildFile; productRef = 22ECB44D28E79354000F5342 /* CombineExt */; };
		22F8034E28D8EE7F00B55A09 /* SDWebImageSwiftUI in Frameworks */ = {isa = PBXBuildFile; productRef = 22F8034D28D8EE7F00B55A09 /* SDWebImageSwiftUI */; };
/* End PBXBuildFile section */

/* Begin PBXFileReference section */
		058557BA273AAA24004C7B11 /* Assets.xcassets */ = {isa = PBXFileReference; lastKnownFileType = folder.assetcatalog; path = Assets.xcassets; sourceTree = "<group>"; };
		058557D8273AAEEB004C7B11 /* Preview Assets.xcassets */ = {isa = PBXFileReference; lastKnownFileType = folder.assetcatalog; path = "Preview Assets.xcassets"; sourceTree = "<group>"; };
		1C0980017AE0C68D19D4D969 /* httpclientutil.swift */ = {isa = PBXFileReference; fileEncoding = 4; lastKnownFileType = sourcecode.swift; path = httpclientutil.swift; sourceTree = "<group>"; };
		1C0980813BE156858016F214 /* fab.swift */ = {isa = PBXFileReference; fileEncoding = 4; lastKnownFileType = sourcecode.swift; path = fab.swift; sourceTree = "<group>"; };
		1C0982F1FCAF373DD7648987 /* JsonProvider.swift */ = {isa = PBXFileReference; fileEncoding = 4; lastKnownFileType = sourcecode.swift; path = JsonProvider.swift; sourceTree = "<group>"; };
		1C098319B96A24B40D10CC21 /* courses.swift */ = {isa = PBXFileReference; fileEncoding = 4; lastKnownFileType = sourcecode.swift; path = courses.swift; sourceTree = "<group>"; };
		1C0983700CAF9E8371CBF572 /* AccountViewController.swift */ = {isa = PBXFileReference; fileEncoding = 4; lastKnownFileType = sourcecode.swift; path = AccountViewController.swift; sourceTree = "<group>"; };
		1C098402211D502EAE42393D /* LoginView.swift */ = {isa = PBXFileReference; fileEncoding = 4; lastKnownFileType = sourcecode.swift; path = LoginView.swift; sourceTree = "<group>"; };
		1C09841E56980818F78990CA /* CourseRegistrationViewController.swift */ = {isa = PBXFileReference; fileEncoding = 4; lastKnownFileType = sourcecode.swift; path = CourseRegistrationViewController.swift; sourceTree = "<group>"; };
		1C098420AF2C5E3E3715BC06 /* ObservedValue.swift */ = {isa = PBXFileReference; fileEncoding = 4; lastKnownFileType = sourcecode.swift; path = ObservedValue.swift; sourceTree = "<group>"; };
		1C098542CFAA494BB3EF413A /* Course.swift */ = {isa = PBXFileReference; fileEncoding = 4; lastKnownFileType = sourcecode.swift; path = Course.swift; sourceTree = "<group>"; };
		1C098586B51822E675303B0E /* CourseRegistrationService.swift */ = {isa = PBXFileReference; fileEncoding = 4; lastKnownFileType = sourcecode.swift; path = CourseRegistrationService.swift; sourceTree = "<group>"; };
		1C0985C543D77816ADA5933C /* ServerCommunicationProviderImpl.swift */ = {isa = PBXFileReference; fileEncoding = 4; lastKnownFileType = sourcecode.swift; path = ServerCommunicationProviderImpl.swift; sourceTree = "<group>"; };
		1C0985F681D1B8D8ADB5CB62 /* CourseRegistrationServiceImpl.swift */ = {isa = PBXFileReference; fileEncoding = 4; lastKnownFileType = sourcecode.swift; path = CourseRegistrationServiceImpl.swift; sourceTree = "<group>"; };
		1C0986A12977F0E8A60950B5 /* DataState.swift */ = {isa = PBXFileReference; fileEncoding = 4; lastKnownFileType = sourcecode.swift; path = DataState.swift; sourceTree = "<group>"; };
		1C0986D9D9E11B706FF4C7F8 /* theming.swift */ = {isa = PBXFileReference; fileEncoding = 4; lastKnownFileType = sourcecode.swift; path = theming.swift; sourceTree = "<group>"; };
		1C0987164AF272D3D5618C26 /* NetworkStatusProviderImpl.swift */ = {isa = PBXFileReference; fileEncoding = 4; lastKnownFileType = sourcecode.swift; path = NetworkStatusProviderImpl.swift; sourceTree = "<group>"; };
		1C09873399CAC9793A6DC8EE /* ProfileInfo.swift */ = {isa = PBXFileReference; fileEncoding = 4; lastKnownFileType = sourcecode.swift; path = ProfileInfo.swift; sourceTree = "<group>"; };
		1C09877094E9C0A4803D691D /* Saml2Config.swift */ = {isa = PBXFileReference; fileEncoding = 4; lastKnownFileType = sourcecode.swift; path = Saml2Config.swift; sourceTree = "<group>"; };
		1C098783D4E50EAB201EA1E0 /* Account.swift */ = {isa = PBXFileReference; fileEncoding = 4; lastKnownFileType = sourcecode.swift; path = Account.swift; sourceTree = "<group>"; };
		1C0987B7B724003FC08E6665 /* HttpHeaders.swift */ = {isa = PBXFileReference; fileEncoding = 4; lastKnownFileType = sourcecode.swift; path = HttpHeaders.swift; sourceTree = "<group>"; };
		1C0988D01EAA04C4775B8923 /* AccountServiceImpl.swift */ = {isa = PBXFileReference; fileEncoding = 4; lastKnownFileType = sourcecode.swift; path = AccountServiceImpl.swift; sourceTree = "<group>"; };
		1C0989DDFF1DA9772A3862E4 /* DashboardService.swift */ = {isa = PBXFileReference; fileEncoding = 4; lastKnownFileType = sourcecode.swift; path = DashboardService.swift; sourceTree = "<group>"; };
		1C0989F63763E9A7692C4DBE /* NetworkResponse.swift */ = {isa = PBXFileReference; fileEncoding = 4; lastKnownFileType = sourcecode.swift; path = NetworkResponse.swift; sourceTree = "<group>"; };
		1C098A0E14DFDA97AE02334E /* CourseRegistrationUi.swift */ = {isa = PBXFileReference; fileEncoding = 4; lastKnownFileType = sourcecode.swift; path = CourseRegistrationUi.swift; sourceTree = "<group>"; };
		1C098A1D279F2DE664C4C4FB /* CoursesOverviewViewModel.swift */ = {isa = PBXFileReference; fileEncoding = 4; lastKnownFileType = sourcecode.swift; path = CoursesOverviewViewModel.swift; sourceTree = "<group>"; };
		1C098A490B00EB0A8E14EB25 /* AccountView.swift */ = {isa = PBXFileReference; fileEncoding = 4; lastKnownFileType = sourcecode.swift; path = AccountView.swift; sourceTree = "<group>"; };
		1C098A9DA1D0970B84C2BECD /* AsyncSequenceToCombine.swift */ = {isa = PBXFileReference; fileEncoding = 4; lastKnownFileType = sourcecode.swift; path = AsyncSequenceToCombine.swift; sourceTree = "<group>"; };
		1C098ADF152F67124A5F190C /* CoursesOverviewView.swift */ = {isa = PBXFileReference; fileEncoding = 4; lastKnownFileType = sourcecode.swift; path = CoursesOverviewView.swift; sourceTree = "<group>"; };
		1C098ADFDCCE7E60744694F8 /* Dashboard.swift */ = {isa = PBXFileReference; fileEncoding = 4; lastKnownFileType = sourcecode.swift; path = Dashboard.swift; sourceTree = "<group>"; };
		1C098AFF95AB352EF5A47A4C /* AccountService.swift */ = {isa = PBXFileReference; fileEncoding = 4; lastKnownFileType = sourcecode.swift; path = AccountService.swift; sourceTree = "<group>"; };
		1C098B01894061710A23FB0F /* datasizeutil.swift */ = {isa = PBXFileReference; fileEncoding = 4; lastKnownFileType = sourcecode.swift; path = datasizeutil.swift; sourceTree = "<group>"; };
		1C098B3EC06CCDD7482E6214 /* NetworkStatusProvider.swift */ = {isa = PBXFileReference; fileEncoding = 4; lastKnownFileType = sourcecode.swift; path = NetworkStatusProvider.swift; sourceTree = "<group>"; };
		1C098BE36C1A5738E35FD12A /* DashboardServiceImpl.swift */ = {isa = PBXFileReference; fileEncoding = 4; lastKnownFileType = sourcecode.swift; path = DashboardServiceImpl.swift; sourceTree = "<group>"; };
		1C098C077ADB678F568185B9 /* LoginViewController.swift */ = {isa = PBXFileReference; fileEncoding = 4; lastKnownFileType = sourcecode.swift; path = LoginViewController.swift; sourceTree = "<group>"; };
		1C098DC2127E649084ED7A33 /* datastateui.swift */ = {isa = PBXFileReference; fileEncoding = 4; lastKnownFileType = sourcecode.swift; path = datastateui.swift; sourceTree = "<group>"; };
		1C098F1706F0DCA286CF5754 /* ServerCommunicationProvider.swift */ = {isa = PBXFileReference; fileEncoding = 4; lastKnownFileType = sourcecode.swift; path = ServerCommunicationProvider.swift; sourceTree = "<group>"; };
		1C098FF0D296294BE7E6EA71 /* AppContainer.swift */ = {isa = PBXFileReference; fileEncoding = 4; lastKnownFileType = sourcecode.swift; path = AppContainer.swift; sourceTree = "<group>"; };
		2152FB032600AC8F00CF470E /* iOSApp.swift */ = {isa = PBXFileReference; lastKnownFileType = sourcecode.swift; path = iOSApp.swift; sourceTree = "<group>"; };
		220409A628D4EF1A00204B1C /* RootView.swift */ = {isa = PBXFileReference; lastKnownFileType = sourcecode.swift; path = RootView.swift; sourceTree = "<group>"; };
		22B12971290048A800C4910E /* Localizable.strings */ = {isa = PBXFileReference; lastKnownFileType = text.plist.strings; path = Localizable.strings; sourceTree = "<group>"; };
		7555FF7B242A565900829871 /* iosApp.app */ = {isa = PBXFileReference; explicitFileType = wrapper.application; includeInIndex = 0; path = iosApp.app; sourceTree = BUILT_PRODUCTS_DIR; };
		7555FF8C242A565B00829871 /* Info.plist */ = {isa = PBXFileReference; lastKnownFileType = text.plist.xml; path = Info.plist; sourceTree = "<group>"; };
/* End PBXFileReference section */

/* Begin PBXFrameworksBuildPhase section */
		48598CA0DF0DC47107BCF1DF /* Frameworks */ = {
			isa = PBXFrameworksBuildPhase;
			buildActionMask = 2147483647;
			files = (
				22ECB44E28E79354000F5342 /* CombineExt in Frameworks */,
				226B088C28E30FBC00382C92 /* Factory in Frameworks */,
				22B12970290038D600C4910E /* Reachability in Frameworks */,
				225EDFFE2905AC2800C7FCA8 /* MarkdownUI in Frameworks */,
				22F8034E28D8EE7F00B55A09 /* SDWebImageSwiftUI in Frameworks */,
				227BD53E28E2570B00D11F92 /* AsyncHTTPClient in Frameworks */,
			);
			runOnlyForDeploymentPostprocessing = 0;
		};
/* End PBXFrameworksBuildPhase section */

/* Begin PBXGroup section */
		058557D7273AAEEB004C7B11 /* Preview Content */ = {
			isa = PBXGroup;
			children = (
				058557D8273AAEEB004C7B11 /* Preview Assets.xcassets */,
			);
			path = "Preview Content";
			sourceTree = "<group>";
		};
		1C09820212901F7CC570CB99 /* ui */ = {
			isa = PBXGroup;
			children = (
				220409A628D4EF1A00204B1C /* RootView.swift */,
				227BD53528E24A4C00D11F92 /* courses */,
				1C098896B18CE8A96B8DB9C3 /* account */,
				1C098C539135CD4F664B9BF5 /* common */,
				1C0986D9D9E11B706FF4C7F8 /* theming.swift */,
				1C098420AF2C5E3E3715BC06 /* ObservedValue.swift */,
			);
			path = ui;
			sourceTree = "<group>";
		};
		1C098280852E9E63A2B85CC6 /* http */ = {
			isa = PBXGroup;
			children = (
				1C0987B7B724003FC08E6665 /* HttpHeaders.swift */,
				1C0980017AE0C68D19D4D969 /* httpclientutil.swift */,
			);
			path = http;
			sourceTree = "<group>";
		};
		1C0986B0A9DB2190C647D7F2 /* util */ = {
			isa = PBXGroup;
			children = (
				1C0989F63763E9A7692C4DBE /* NetworkResponse.swift */,
				1C0986A12977F0E8A60950B5 /* DataState.swift */,
				1C098A9DA1D0970B84C2BECD /* AsyncSequenceToCombine.swift */,
				1C098B01894061710A23FB0F /* datasizeutil.swift */,
				1C098280852E9E63A2B85CC6 /* http */,
			);
			path = util;
			sourceTree = "<group>";
		};
		1C0986ED830477ABEFB2C73F /* courses_overview */ = {
			isa = PBXGroup;
			children = (
				1C098ADF152F67124A5F190C /* CoursesOverviewView.swift */,
				1C098A1D279F2DE664C4C4FB /* CoursesOverviewViewModel.swift */,
			);
			path = courses_overview;
			sourceTree = "<group>";
		};
		1C098896B18CE8A96B8DB9C3 /* account */ = {
			isa = PBXGroup;
			children = (
				227BD53628E24A6400D11F92 /* login */,
				1C0983700CAF9E8371CBF572 /* AccountViewController.swift */,
				1C098A490B00EB0A8E14EB25 /* AccountView.swift */,
			);
			path = account;
			sourceTree = "<group>";
		};
		1C098A5237A2CE7D6C8AF8C3 /* server_config */ = {
			isa = PBXGroup;
			children = (
				1C09873399CAC9793A6DC8EE /* ProfileInfo.swift */,
				1C09877094E9C0A4803D691D /* Saml2Config.swift */,
			);
			path = server_config;
			sourceTree = "<group>";
		};
		1C098C539135CD4F664B9BF5 /* common */ = {
			isa = PBXGroup;
			children = (
				1C098DC2127E649084ED7A33 /* datastateui.swift */,
				1C0980813BE156858016F214 /* fab.swift */,
			);
			path = common;
			sourceTree = "<group>";
		};
		1C098C5E64D121C0D2207FB9 /* account */ = {
			isa = PBXGroup;
			children = (
				1C098783D4E50EAB201EA1E0 /* Account.swift */,
			);
			path = account;
			sourceTree = "<group>";
		};
		1C098D02D12D2633391B61F8 /* content */ = {
			isa = PBXGroup;
			children = (
				1C098542CFAA494BB3EF413A /* Course.swift */,
				1C098ADFDCCE7E60744694F8 /* Dashboard.swift */,
				1C098C5E64D121C0D2207FB9 /* account */,
			);
			path = content;
			sourceTree = "<group>";
		};
		1C098DE88B81C4F7AC515609 /* course_registration */ = {
			isa = PBXGroup;
			children = (
				1C098A0E14DFDA97AE02334E /* CourseRegistrationUi.swift */,
				1C09841E56980818F78990CA /* CourseRegistrationViewController.swift */,
			);
			path = course_registration;
			sourceTree = "<group>";
		};
		21622B9BF08CD3C1E1587F2B /* Pods */ = {
			isa = PBXGroup;
			children = (
			);
			path = Pods;
			sourceTree = "<group>";
		};
		227BD53528E24A4C00D11F92 /* courses */ = {
			isa = PBXGroup;
			children = (
				1C098319B96A24B40D10CC21 /* courses.swift */,
				1C098DE88B81C4F7AC515609 /* course_registration */,
				1C0986ED830477ABEFB2C73F /* courses_overview */,
			);
			path = courses;
			sourceTree = "<group>";
		};
		227BD53628E24A6400D11F92 /* login */ = {
			isa = PBXGroup;
			children = (
				1C098402211D502EAE42393D /* LoginView.swift */,
				1C098C077ADB678F568185B9 /* LoginViewController.swift */,
			);
			path = login;
			sourceTree = "<group>";
		};
		227BD53A28E24C3900D11F92 /* service */ = {
			isa = PBXGroup;
			children = (
				227BD53B28E24C6200D11F92 /* impl */,
				1C098AFF95AB352EF5A47A4C /* AccountService.swift */,
				1C098F1706F0DCA286CF5754 /* ServerCommunicationProvider.swift */,
				1C0989DDFF1DA9772A3862E4 /* DashboardService.swift */,
				1C098B3EC06CCDD7482E6214 /* NetworkStatusProvider.swift */,
				1C098586B51822E675303B0E /* CourseRegistrationService.swift */,
			);
			path = service;
			sourceTree = "<group>";
		};
		227BD53B28E24C6200D11F92 /* impl */ = {
			isa = PBXGroup;
			children = (
				1C0988D01EAA04C4775B8923 /* AccountServiceImpl.swift */,
				1C0985C543D77816ADA5933C /* ServerCommunicationProviderImpl.swift */,
				1C0982F1FCAF373DD7648987 /* JsonProvider.swift */,
				1C098FF0D296294BE7E6EA71 /* AppContainer.swift */,
				1C098BE36C1A5738E35FD12A /* DashboardServiceImpl.swift */,
				1C0987164AF272D3D5618C26 /* NetworkStatusProviderImpl.swift */,
				1C0985F681D1B8D8ADB5CB62 /* CourseRegistrationServiceImpl.swift */,
			);
			path = impl;
			sourceTree = "<group>";
		};
		7555FF72242A565900829871 = {
			isa = PBXGroup;
			children = (
				7555FF7D242A565900829871 /* iosApp */,
				7555FF7C242A565900829871 /* Products */,
				21622B9BF08CD3C1E1587F2B /* Pods */,
			);
			sourceTree = "<group>";
		};
		7555FF7C242A565900829871 /* Products */ = {
			isa = PBXGroup;
			children = (
				7555FF7B242A565900829871 /* iosApp.app */,
			);
			name = Products;
			sourceTree = "<group>";
		};
		7555FF7D242A565900829871 /* iosApp */ = {
			isa = PBXGroup;
			children = (
				227BD53A28E24C3900D11F92 /* service */,
				058557BA273AAA24004C7B11 /* Assets.xcassets */,
				7555FF8C242A565B00829871 /* Info.plist */,
				2152FB032600AC8F00CF470E /* iOSApp.swift */,
				058557D7273AAEEB004C7B11 /* Preview Content */,
				1C09820212901F7CC570CB99 /* ui */,
				1C0986B0A9DB2190C647D7F2 /* util */,
				1C098D02D12D2633391B61F8 /* content */,
				1C098A5237A2CE7D6C8AF8C3 /* server_config */,
				22B12971290048A800C4910E /* Localizable.strings */,
			);
			path = iosApp;
			sourceTree = "<group>";
		};
/* End PBXGroup section */

/* Begin PBXNativeTarget section */
		7555FF7A242A565900829871 /* iosApp */ = {
			isa = PBXNativeTarget;
			buildConfigurationList = 7555FFA5242A565B00829871 /* Build configuration list for PBXNativeTarget "iosApp" */;
			buildPhases = (
				7555FF77242A565900829871 /* Sources */,
				7555FF79242A565900829871 /* Resources */,
				48598CA0DF0DC47107BCF1DF /* Frameworks */,
			);
			buildRules = (
			);
			dependencies = (
			);
			name = iosApp;
			packageProductDependencies = (
				22F8034D28D8EE7F00B55A09 /* SDWebImageSwiftUI */,
				227BD53D28E2570B00D11F92 /* AsyncHTTPClient */,
				226B088B28E30FBC00382C92 /* Factory */,
				22ECB44D28E79354000F5342 /* CombineExt */,
				22B1296F290038D600C4910E /* Reachability */,
				225EDFFD2905AC2800C7FCA8 /* MarkdownUI */,
			);
			productName = iosApp;
			productReference = 7555FF7B242A565900829871 /* iosApp.app */;
			productType = "com.apple.product-type.application";
		};
/* End PBXNativeTarget section */

/* Begin PBXProject section */
		7555FF73242A565900829871 /* Project object */ = {
			isa = PBXProject;
			attributes = {
				LastSwiftUpdateCheck = 1130;
				LastUpgradeCheck = 1130;
				ORGANIZATIONNAME = orgName;
				TargetAttributes = {
					7555FF7A242A565900829871 = {
						CreatedOnToolsVersion = 11.3.1;
					};
				};
			};
			buildConfigurationList = 7555FF76242A565900829871 /* Build configuration list for PBXProject "iosApp" */;
			compatibilityVersion = "Xcode 9.3";
			developmentRegion = en;
			hasScannedForEncodings = 0;
			knownRegions = (
				en,
				Base,
			);
			mainGroup = 7555FF72242A565900829871;
			packageReferences = (
				22F8034C28D8EE7F00B55A09 /* XCRemoteSwiftPackageReference "SDWebImageSwiftUI" */,
				227BD53C28E2570B00D11F92 /* XCRemoteSwiftPackageReference "async-http-client" */,
				226B088A28E30FBC00382C92 /* XCRemoteSwiftPackageReference "Factory" */,
				22ECB44C28E79354000F5342 /* XCRemoteSwiftPackageReference "CombineExt" */,
				22B1296E290038D600C4910E /* XCRemoteSwiftPackageReference "Reachability" */,
				225EDFFC2905AC2700C7FCA8 /* XCRemoteSwiftPackageReference "MarkdownUI" */,
			);
			productRefGroup = 7555FF7C242A565900829871 /* Products */;
			projectDirPath = "";
			projectRoot = "";
			targets = (
				7555FF7A242A565900829871 /* iosApp */,
			);
		};
/* End PBXProject section */

/* Begin PBXResourcesBuildPhase section */
		7555FF79242A565900829871 /* Resources */ = {
			isa = PBXResourcesBuildPhase;
			buildActionMask = 2147483647;
			files = (
				058557D9273AAEEB004C7B11 /* Preview Assets.xcassets in Resources */,
				22B12972290048A800C4910E /* Localizable.strings in Resources */,
				058557BB273AAA24004C7B11 /* Assets.xcassets in Resources */,
			);
			runOnlyForDeploymentPostprocessing = 0;
		};
/* End PBXResourcesBuildPhase section */

/* Begin PBXSourcesBuildPhase section */
		7555FF77242A565900829871 /* Sources */ = {
			isa = PBXSourcesBuildPhase;
			buildActionMask = 2147483647;
			files = (
				2152FB042600AC8F00CF470E /* iOSApp.swift in Sources */,
				220409A728D4EF1A00204B1C /* RootView.swift in Sources */,
				1C098230E8C6C7CD41AF6B29 /* LoginView.swift in Sources */,
				1C098E05516193D855C4FA51 /* AccountService.swift in Sources */,
				1C0981A88640D5D3E52A941A /* AccountServiceImpl.swift in Sources */,
				1C0981D273DD7A6DF3D40CAE /* ServerCommunicationProvider.swift in Sources */,
				1C0981821623621F5399DA93 /* ServerCommunicationProviderImpl.swift in Sources */,
				1C098D2A4D7898F37E732681 /* JsonProvider.swift in Sources */,
				1C0983C4F287A691E93D01F1 /* LoginViewController.swift in Sources */,
				1C0984CE27FA7D3AAEF901C2 /* AppContainer.swift in Sources */,
				1C09851A8238C343EF07793B /* DashboardService.swift in Sources */,
				1C0981ABE77580FF17B8C4C1 /* NetworkResponse.swift in Sources */,
				1C09853AB260471BB4AC8594 /* Course.swift in Sources */,
				1C098C823B0ED6C8DDA449C2 /* Dashboard.swift in Sources */,
				1C09848B8BCF245F9A76F4EA /* DashboardServiceImpl.swift in Sources */,
				1C098D65337401C654D0F56D /* DataState.swift in Sources */,
				1C0989A1EFB6D3CE33CECD27 /* AsyncSequenceToCombine.swift in Sources */,
				1C0986D542BBDED04A22C64E /* AccountViewController.swift in Sources */,
				1C09842337C756759BA07179 /* AccountView.swift in Sources */,
				1C0985B3CE7A5E66E0798691 /* NetworkStatusProvider.swift in Sources */,
				1C09857C424EF06EB07AAA65 /* ProfileInfo.swift in Sources */,
				1C0988187041042BBA80FC32 /* Saml2Config.swift in Sources */,
				1C098367EECE1F42EADECAE5 /* NetworkStatusProviderImpl.swift in Sources */,
				1C098FF7C17896FCEA2FC228 /* datastateui.swift in Sources */,
				1C098E7E07E84FE6DD38AA3A /* courses.swift in Sources */,
				1C098A905080872B673330FC /* theming.swift in Sources */,
				1C098828DDCBBCECF757872D /* fab.swift in Sources */,
				1C0987C868DF1D1E9C6D0CAC /* CourseRegistrationUi.swift in Sources */,
				1C098A4CB53F1A557E21C9AD /* CourseRegistrationViewController.swift in Sources */,
				1C098360370AFEAE91EC3495 /* Account.swift in Sources */,
				1C098557C72F2C209DE7CDC9 /* CourseRegistrationService.swift in Sources */,
				1C098E2C838D72B7FE13C1F0 /* CourseRegistrationServiceImpl.swift in Sources */,
				1C0983D49B52AC043FF36C3F /* datasizeutil.swift in Sources */,
				1C098308D3760950BADD01BA /* HttpHeaders.swift in Sources */,
				1C098DBB8193E6D9943263D4 /* httpclientutil.swift in Sources */,
				1C0989531F87BBEBC27C669C /* CoursesOverviewView.swift in Sources */,
				1C098D003D4BA926E1B2BD32 /* CoursesOverviewViewModel.swift in Sources */,
				1C0987DEE262D2932163EE09 /* ObservedValue.swift in Sources */,
			);
			runOnlyForDeploymentPostprocessing = 0;
		};
/* End PBXSourcesBuildPhase section */

/* Begin XCBuildConfiguration section */
		7555FFA3242A565B00829871 /* Debug */ = {
			isa = XCBuildConfiguration;
			buildSettings = {
				ALWAYS_SEARCH_USER_PATHS = NO;
				CLANG_ANALYZER_NONNULL = YES;
				CLANG_ANALYZER_NUMBER_OBJECT_CONVERSION = YES_AGGRESSIVE;
				CLANG_CXX_LANGUAGE_STANDARD = "gnu++14";
				CLANG_CXX_LIBRARY = "libc++";
				CLANG_ENABLE_MODULES = YES;
				CLANG_ENABLE_OBJC_ARC = YES;
				CLANG_ENABLE_OBJC_WEAK = YES;
				CLANG_WARN_BLOCK_CAPTURE_AUTORELEASING = YES;
				CLANG_WARN_BOOL_CONVERSION = YES;
				CLANG_WARN_COMMA = YES;
				CLANG_WARN_CONSTANT_CONVERSION = YES;
				CLANG_WARN_DEPRECATED_OBJC_IMPLEMENTATIONS = YES;
				CLANG_WARN_DIRECT_OBJC_ISA_USAGE = YES_ERROR;
				CLANG_WARN_DOCUMENTATION_COMMENTS = YES;
				CLANG_WARN_EMPTY_BODY = YES;
				CLANG_WARN_ENUM_CONVERSION = YES;
				CLANG_WARN_INFINITE_RECURSION = YES;
				CLANG_WARN_INT_CONVERSION = YES;
				CLANG_WARN_NON_LITERAL_NULL_CONVERSION = YES;
				CLANG_WARN_OBJC_IMPLICIT_RETAIN_SELF = YES;
				CLANG_WARN_OBJC_LITERAL_CONVERSION = YES;
				CLANG_WARN_OBJC_ROOT_CLASS = YES_ERROR;
				CLANG_WARN_QUOTED_INCLUDE_IN_FRAMEWORK_HEADER = YES;
				CLANG_WARN_RANGE_LOOP_ANALYSIS = YES;
				CLANG_WARN_STRICT_PROTOTYPES = YES;
				CLANG_WARN_SUSPICIOUS_MOVE = YES;
				CLANG_WARN_UNGUARDED_AVAILABILITY = YES_AGGRESSIVE;
				CLANG_WARN_UNREACHABLE_CODE = YES;
				CLANG_WARN__DUPLICATE_METHOD_MATCH = YES;
				COPY_PHASE_STRIP = NO;
				DEBUG_INFORMATION_FORMAT = "dwarf-with-dsym";
				ENABLE_STRICT_OBJC_MSGSEND = YES;
				ENABLE_TESTABILITY = YES;
				GCC_C_LANGUAGE_STANDARD = gnu11;
				GCC_DYNAMIC_NO_PIC = NO;
				GCC_NO_COMMON_BLOCKS = YES;
				GCC_OPTIMIZATION_LEVEL = 0;
				GCC_PREPROCESSOR_DEFINITIONS = (
					"DEBUG=1",
					"$(inherited)",
				);
				GCC_WARN_64_TO_32_BIT_CONVERSION = YES;
				GCC_WARN_ABOUT_RETURN_TYPE = YES_ERROR;
				GCC_WARN_UNDECLARED_SELECTOR = YES;
				GCC_WARN_UNINITIALIZED_AUTOS = YES_AGGRESSIVE;
				GCC_WARN_UNUSED_FUNCTION = YES;
				GCC_WARN_UNUSED_VARIABLE = YES;
				IPHONEOS_DEPLOYMENT_TARGET = 15.0;
				MTL_ENABLE_DEBUG_INFO = INCLUDE_SOURCE;
				MTL_FAST_MATH = YES;
				ONLY_ACTIVE_ARCH = YES;
				OTHER_LDFLAGS = "";
				SDKROOT = iphoneos;
				SWIFT_ACTIVE_COMPILATION_CONDITIONS = DEBUG;
				SWIFT_OPTIMIZATION_LEVEL = "-Onone";
			};
			name = Debug;
		};
		7555FFA4242A565B00829871 /* Release */ = {
			isa = XCBuildConfiguration;
			buildSettings = {
				ALWAYS_SEARCH_USER_PATHS = NO;
				CLANG_ANALYZER_NONNULL = YES;
				CLANG_ANALYZER_NUMBER_OBJECT_CONVERSION = YES_AGGRESSIVE;
				CLANG_CXX_LANGUAGE_STANDARD = "gnu++14";
				CLANG_CXX_LIBRARY = "libc++";
				CLANG_ENABLE_MODULES = YES;
				CLANG_ENABLE_OBJC_ARC = YES;
				CLANG_ENABLE_OBJC_WEAK = YES;
				CLANG_WARN_BLOCK_CAPTURE_AUTORELEASING = YES;
				CLANG_WARN_BOOL_CONVERSION = YES;
				CLANG_WARN_COMMA = YES;
				CLANG_WARN_CONSTANT_CONVERSION = YES;
				CLANG_WARN_DEPRECATED_OBJC_IMPLEMENTATIONS = YES;
				CLANG_WARN_DIRECT_OBJC_ISA_USAGE = YES_ERROR;
				CLANG_WARN_DOCUMENTATION_COMMENTS = YES;
				CLANG_WARN_EMPTY_BODY = YES;
				CLANG_WARN_ENUM_CONVERSION = YES;
				CLANG_WARN_INFINITE_RECURSION = YES;
				CLANG_WARN_INT_CONVERSION = YES;
				CLANG_WARN_NON_LITERAL_NULL_CONVERSION = YES;
				CLANG_WARN_OBJC_IMPLICIT_RETAIN_SELF = YES;
				CLANG_WARN_OBJC_LITERAL_CONVERSION = YES;
				CLANG_WARN_OBJC_ROOT_CLASS = YES_ERROR;
				CLANG_WARN_QUOTED_INCLUDE_IN_FRAMEWORK_HEADER = YES;
				CLANG_WARN_RANGE_LOOP_ANALYSIS = YES;
				CLANG_WARN_STRICT_PROTOTYPES = YES;
				CLANG_WARN_SUSPICIOUS_MOVE = YES;
				CLANG_WARN_UNGUARDED_AVAILABILITY = YES_AGGRESSIVE;
				CLANG_WARN_UNREACHABLE_CODE = YES;
				CLANG_WARN__DUPLICATE_METHOD_MATCH = YES;
				COPY_PHASE_STRIP = NO;
				DEBUG_INFORMATION_FORMAT = "dwarf-with-dsym";
				ENABLE_NS_ASSERTIONS = NO;
				ENABLE_STRICT_OBJC_MSGSEND = YES;
				GCC_C_LANGUAGE_STANDARD = gnu11;
				GCC_NO_COMMON_BLOCKS = YES;
				GCC_WARN_64_TO_32_BIT_CONVERSION = YES;
				GCC_WARN_ABOUT_RETURN_TYPE = YES_ERROR;
				GCC_WARN_UNDECLARED_SELECTOR = YES;
				GCC_WARN_UNINITIALIZED_AUTOS = YES_AGGRESSIVE;
				GCC_WARN_UNUSED_FUNCTION = YES;
				GCC_WARN_UNUSED_VARIABLE = YES;
				IPHONEOS_DEPLOYMENT_TARGET = 15.0;
				MTL_ENABLE_DEBUG_INFO = NO;
				MTL_FAST_MATH = YES;
				OTHER_LDFLAGS = "";
				SDKROOT = iphoneos;
				SWIFT_COMPILATION_MODE = wholemodule;
				SWIFT_OPTIMIZATION_LEVEL = "-O";
				VALIDATE_PRODUCT = YES;
			};
			name = Release;
		};
		7555FFA6242A565B00829871 /* Debug */ = {
			isa = XCBuildConfiguration;
			buildSettings = {
				ASSETCATALOG_COMPILER_APPICON_NAME = AppIcon;
				CODE_SIGN_STYLE = Automatic;
				DEVELOPMENT_ASSET_PATHS = "\"iosApp/Preview Content\"";
				ENABLE_PREVIEWS = YES;
				FRAMEWORK_SEARCH_PATHS = "";
				INFOPLIST_FILE = iosApp/Info.plist;
				IPHONEOS_DEPLOYMENT_TARGET = 16.0;
				LD_RUNPATH_SEARCH_PATHS = (
					"$(inherited)",
					"@executable_path/Frameworks",
				);
				OTHER_LDFLAGS = "";
				PRODUCT_BUNDLE_IDENTIFIER = orgIdentifier.iosApp;
				PRODUCT_NAME = "$(TARGET_NAME)";
				SWIFT_VERSION = 5.0;
				TARGETED_DEVICE_FAMILY = "1,2";
			};
			name = Debug;
		};
		7555FFA7242A565B00829871 /* Release */ = {
			isa = XCBuildConfiguration;
			buildSettings = {
				ASSETCATALOG_COMPILER_APPICON_NAME = AppIcon;
				CODE_SIGN_STYLE = Automatic;
				DEVELOPMENT_ASSET_PATHS = "\"iosApp/Preview Content\"";
				ENABLE_PREVIEWS = YES;
				FRAMEWORK_SEARCH_PATHS = "";
				INFOPLIST_FILE = iosApp/Info.plist;
				IPHONEOS_DEPLOYMENT_TARGET = 16.0;
				LD_RUNPATH_SEARCH_PATHS = (
					"$(inherited)",
					"@executable_path/Frameworks",
				);
				OTHER_LDFLAGS = "";
				PRODUCT_BUNDLE_IDENTIFIER = orgIdentifier.iosApp;
				PRODUCT_NAME = "$(TARGET_NAME)";
				SWIFT_VERSION = 5.0;
				TARGETED_DEVICE_FAMILY = "1,2";
			};
			name = Release;
		};
/* End XCBuildConfiguration section */

/* Begin XCConfigurationList section */
		7555FF76242A565900829871 /* Build configuration list for PBXProject "iosApp" */ = {
			isa = XCConfigurationList;
			buildConfigurations = (
				7555FFA3242A565B00829871 /* Debug */,
				7555FFA4242A565B00829871 /* Release */,
			);
			defaultConfigurationIsVisible = 0;
			defaultConfigurationName = Debug;
		};
		7555FFA5242A565B00829871 /* Build configuration list for PBXNativeTarget "iosApp" */ = {
			isa = XCConfigurationList;
			buildConfigurations = (
				7555FFA6242A565B00829871 /* Debug */,
				7555FFA7242A565B00829871 /* Release */,
			);
			defaultConfigurationIsVisible = 0;
			defaultConfigurationName = Debug;
		};
/* End XCConfigurationList section */

/* Begin XCRemoteSwiftPackageReference section */
		225EDFFC2905AC2700C7FCA8 /* XCRemoteSwiftPackageReference "MarkdownUI" */ = {
			isa = XCRemoteSwiftPackageReference;
			repositoryURL = "https://github.com/gonzalezreal/MarkdownUI";
			requirement = {
				kind = exactVersion;
				version = 1.1.1;
			};
		};
		226B088A28E30FBC00382C92 /* XCRemoteSwiftPackageReference "Factory" */ = {
			isa = XCRemoteSwiftPackageReference;
			repositoryURL = "https://github.com/hmlongco/Factory";
			requirement = {
				kind = exactVersion;
				version = 1.2.8;
			};
		};
		227BD53C28E2570B00D11F92 /* XCRemoteSwiftPackageReference "async-http-client" */ = {
			isa = XCRemoteSwiftPackageReference;
			repositoryURL = "https://github.com/swift-server/async-http-client.git";
			requirement = {
				kind = exactVersion;
				version = 1.11.5;
			};
		};
		22B1296E290038D600C4910E /* XCRemoteSwiftPackageReference "Reachability" */ = {
			isa = XCRemoteSwiftPackageReference;
			repositoryURL = "https://github.com/ashleymills/Reachability.swift";
			requirement = {
				kind = exactVersion;
				version = 5.1.0;
			};
		};
		22ECB44C28E79354000F5342 /* XCRemoteSwiftPackageReference "CombineExt" */ = {
			isa = XCRemoteSwiftPackageReference;
			repositoryURL = "https://github.com/CombineCommunity/CombineExt.git";
			requirement = {
				kind = exactVersion;
				version = 1.8.0;
			};
		};
		22F8034C28D8EE7F00B55A09 /* XCRemoteSwiftPackageReference "SDWebImageSwiftUI" */ = {
			isa = XCRemoteSwiftPackageReference;
			repositoryURL = "https://github.com/SDWebImage/SDWebImageSwiftUI.git";
			requirement = {
				kind = exactVersion;
				version = 2.1.0;
			};
		};
/* End XCRemoteSwiftPackageReference section */

/* Begin XCSwiftPackageProductDependency section */
		225EDFFD2905AC2800C7FCA8 /* MarkdownUI */ = {
			isa = XCSwiftPackageProductDependency;
			package = 225EDFFC2905AC2700C7FCA8 /* XCRemoteSwiftPackageReference "MarkdownUI" */;
			productName = MarkdownUI;
		};
		226B088B28E30FBC00382C92 /* Factory */ = {
			isa = XCSwiftPackageProductDependency;
			package = 226B088A28E30FBC00382C92 /* XCRemoteSwiftPackageReference "Factory" */;
			productName = Factory;
		};
		227BD53D28E2570B00D11F92 /* AsyncHTTPClient */ = {
			isa = XCSwiftPackageProductDependency;
			package = 227BD53C28E2570B00D11F92 /* XCRemoteSwiftPackageReference "async-http-client" */;
			productName = AsyncHTTPClient;
		};
		22B1296F290038D600C4910E /* Reachability */ = {
			isa = XCSwiftPackageProductDependency;
			package = 22B1296E290038D600C4910E /* XCRemoteSwiftPackageReference "Reachability" */;
			productName = Reachability;
		};
		22ECB44D28E79354000F5342 /* CombineExt */ = {
			isa = XCSwiftPackageProductDependency;
			package = 22ECB44C28E79354000F5342 /* XCRemoteSwiftPackageReference "CombineExt" */;
			productName = CombineExt;
		};
		22F8034D28D8EE7F00B55A09 /* SDWebImageSwiftUI */ = {
			isa = XCSwiftPackageProductDependency;
			package = 22F8034C28D8EE7F00B55A09 /* XCRemoteSwiftPackageReference "SDWebImageSwiftUI" */;
			productName = SDWebImageSwiftUI;
		};
/* End XCSwiftPackageProductDependency section */
	};
	rootObject = 7555FF73242A565900829871 /* Project object */;
}
